<?xml version="1.0" encoding="utf-8"?>
<Project ToolsVersion="4.0" xmlns="http://schemas.microsoft.com/developer/msbuild/2003">
  <ItemGroup>
    <Filter Include="Source Files">
      <UniqueIdentifier>{4FC737F1-C7A5-4376-A066-2A32D752A2FF}</UniqueIdentifier>
      <Extensions>cpp;c;cc;cxx;def;odl;idl;hpj;bat;asm;asmx</Extensions>
    </Filter>
    <Filter Include="SceneRenderer">
      <UniqueIdentifier>{3dc70fe2-892b-4086-8450-a926f089fdb5}</UniqueIdentifier>
    </Filter>
    <Filter Include="SceneRenderer\src">
      <UniqueIdentifier>{d6a52136-2430-48d8-8e63-e04acb7cdc94}</UniqueIdentifier>
    </Filter>
    <Filter Include="ltCimp">
      <UniqueIdentifier>{4bcffa24-3d51-4247-ac27-ad3faed2c18c}</UniqueIdentifier>
    </Filter>
    <Filter Include="ltCimp\Source">
      <UniqueIdentifier>{f6f40190-8089-4613-ac0d-75bb7f8e6017}</UniqueIdentifier>
    </Filter>
    <Filter Include="ltCimp\Header">
      <UniqueIdentifier>{ed2a50db-4e1f-4e41-a0d9-99720039bd1b}</UniqueIdentifier>
    </Filter>
  </ItemGroup>
  <ItemGroup>
    <ClCompile Include="main.cpp">
      <Filter>Source Files</Filter>
    </ClCompile>
    <ClCompile Include="SceneRenderer.cpp">
      <Filter>SceneRenderer\src</Filter>
    </ClCompile>
    <ClCompile Include="SceneRenderer_Init.cpp">
      <Filter>SceneRenderer\src</Filter>
    </ClCompile>
    <ClCompile Include="SceneRenderer_Event.cpp">
      <Filter>SceneRenderer\src</Filter>
    </ClCompile>
    <ClCompile Include="SceneRenderer_Idle.cpp">
      <Filter>SceneRenderer\src</Filter>
    </ClCompile>
    <ClCompile Include="SceneRenderer_Display.cpp">
      <Filter>SceneRenderer\src</Filter>
    </ClCompile>
    <ClCompile Include="ltCimp.cpp">
      <Filter>ltCimp\Source</Filter>
    </ClCompile>
    <ClCompile Include="Mesh.cpp">
      <Filter>ltCimp\Source</Filter>
    </ClCompile>
    <ClCompile Include="FloatArray.cpp">
      <Filter>ltCimp\Source</Filter>
    </ClCompile>
  </ItemGroup>
  <ItemGroup>
    <ClInclude Include="SceneRenderer.hpp">
      <Filter>SceneRenderer</Filter>
    </ClInclude>
    <ClInclude Include="Mesh.hpp">
      <Filter>ltCimp\Header</Filter>
    </ClInclude>
    <ClInclude Include="ltCimp.hpp">
      <Filter>ltCimp\Header</Filter>
    </ClInclude>
    <ClInclude Include="FloatArray.hpp">
      <Filter>ltCimp\Header</Filter>
    </ClInclude>
  </ItemGroup>
</Project>